// !$*UTF8*$!
{
	archiveVersion = 1;
	classes = {
	};
	objectVersion = 56;
	objects = {

/* Begin PBXBuildFile section */
		ABB4619429CC1E520055FC61 /* NewsWithCoreDataApp.swift in Sources */ = {isa = PBXBuildFile; fileRef = ABB4619329CC1E520055FC61 /* NewsWithCoreDataApp.swift */; };
		ABB4619629CC1E520055FC61 /* ContentView.swift in Sources */ = {isa = PBXBuildFile; fileRef = ABB4619529CC1E520055FC61 /* ContentView.swift */; };
		ABB4619829CC1E570055FC61 /* Assets.xcassets in Resources */ = {isa = PBXBuildFile; fileRef = ABB4619729CC1E570055FC61 /* Assets.xcassets */; };
		ABB4619B29CC1E570055FC61 /* Preview Assets.xcassets in Resources */ = {isa = PBXBuildFile; fileRef = ABB4619A29CC1E570055FC61 /* Preview Assets.xcassets */; };
		ABB461A329CC1ECF0055FC61 /* News.xcdatamodeld in Sources */ = {isa = PBXBuildFile; fileRef = ABB461A129CC1ECF0055FC61 /* News.xcdatamodeld */; };
		ABB461A529CC22F40055FC61 /* NewsModel.swift in Sources */ = {isa = PBXBuildFile; fileRef = ABB461A429CC22F40055FC61 /* NewsModel.swift */; };
		ABB461A829CC37C80055FC61 /* StoredArticle.swift in Sources */ = {isa = PBXBuildFile; fileRef = ABB461A729CC37C80055FC61 /* StoredArticle.swift */; };
		ABB461AC29CC38D60055FC61 /* NewsSource.swift in Sources */ = {isa = PBXBuildFile; fileRef = ABB461AB29CC38D60055FC61 /* NewsSource.swift */; };
		ABB461AE29CC43440055FC61 /* NewsContainer.swift in Sources */ = {isa = PBXBuildFile; fileRef = ABB461AD29CC43440055FC61 /* NewsContainer.swift */; };
		ABB461B029CC5E280055FC61 /* NetworkFetcher.swift in Sources */ = {isa = PBXBuildFile; fileRef = ABB461AF29CC5E280055FC61 /* NetworkFetcher.swift */; };
		ABB461B229CC603F0055FC61 /* NetworkArticle.swift in Sources */ = {isa = PBXBuildFile; fileRef = ABB461B129CC603F0055FC61 /* NetworkArticle.swift */; };
/* End PBXBuildFile section */

/* Begin PBXFileReference section */
		ABB4619029CC1E520055FC61 /* NewsWithCoreData.app */ = {isa = PBXFileReference; explicitFileType = wrapper.application; includeInIndex = 0; path = NewsWithCoreData.app; sourceTree = BUILT_PRODUCTS_DIR; };
		ABB4619329CC1E520055FC61 /* NewsWithCoreDataApp.swift */ = {isa = PBXFileReference; lastKnownFileType = sourcecode.swift; path = NewsWithCoreDataApp.swift; sourceTree = "<group>"; };
		ABB4619529CC1E520055FC61 /* ContentView.swift */ = {isa = PBXFileReference; lastKnownFileType = sourcecode.swift; path = ContentView.swift; sourceTree = "<group>"; };
		ABB4619729CC1E570055FC61 /* Assets.xcassets */ = {isa = PBXFileReference; lastKnownFileType = folder.assetcatalog; path = Assets.xcassets; sourceTree = "<group>"; };
		ABB4619A29CC1E570055FC61 /* Preview Assets.xcassets */ = {isa = PBXFileReference; lastKnownFileType = folder.assetcatalog; path = "Preview Assets.xcassets"; sourceTree = "<group>"; };
		ABB461A229CC1ECF0055FC61 /* News.xcdatamodel */ = {isa = PBXFileReference; lastKnownFileType = wrapper.xcdatamodel; path = News.xcdatamodel; sourceTree = "<group>"; };
		ABB461A429CC22F40055FC61 /* NewsModel.swift */ = {isa = PBXFileReference; lastKnownFileType = sourcecode.swift; path = NewsModel.swift; sourceTree = "<group>"; };
		ABB461A729CC37C80055FC61 /* StoredArticle.swift */ = {isa = PBXFileReference; lastKnownFileType = sourcecode.swift; path = StoredArticle.swift; sourceTree = "<group>"; };
		ABB461AB29CC38D60055FC61 /* NewsSource.swift */ = {isa = PBXFileReference; lastKnownFileType = sourcecode.swift; path = NewsSource.swift; sourceTree = "<group>"; };
		ABB461AD29CC43440055FC61 /* NewsContainer.swift */ = {isa = PBXFileReference; lastKnownFileType = sourcecode.swift; path = NewsContainer.swift; sourceTree = "<group>"; };
		ABB461AF29CC5E280055FC61 /* NetworkFetcher.swift */ = {isa = PBXFileReference; lastKnownFileType = sourcecode.swift; path = NetworkFetcher.swift; sourceTree = "<group>"; };
		ABB461B129CC603F0055FC61 /* NetworkArticle.swift */ = {isa = PBXFileReference; lastKnownFileType = sourcecode.swift; path = NetworkArticle.swift; sourceTree = "<group>"; };
/* End PBXFileReference section */

/* Begin PBXFrameworksBuildPhase section */
		ABB4618D29CC1E520055FC61 /* Frameworks */ = {
			isa = PBXFrameworksBuildPhase;
			buildActionMask = 2147483647;
			files = (
			);
			runOnlyForDeploymentPostprocessing = 0;
		};
/* End PBXFrameworksBuildPhase section */

/* Begin PBXGroup section */
		ABB4618729CC1E520055FC61 = {
			isa = PBXGroup;
			children = (
				ABB4619229CC1E520055FC61 /* NewsWithCoreData */,
				ABB4619129CC1E520055FC61 /* Products */,
			);
			sourceTree = "<group>";
		};
		ABB4619129CC1E520055FC61 /* Products */ = {
			isa = PBXGroup;
			children = (
				ABB4619029CC1E520055FC61 /* NewsWithCoreData.app */,
			);
			name = Products;
			sourceTree = "<group>";
		};
		ABB4619229CC1E520055FC61 /* NewsWithCoreData */ = {
			isa = PBXGroup;
			children = (
				ABB4619329CC1E520055FC61 /* NewsWithCoreDataApp.swift */,
				ABB4619529CC1E520055FC61 /* ContentView.swift */,
				ABB461AB29CC38D60055FC61 /* NewsSource.swift */,
				ABB461AD29CC43440055FC61 /* NewsContainer.swift */,
				ABB461AF29CC5E280055FC61 /* NetworkFetcher.swift */,
				ABB461AA29CC387A0055FC61 /* Models */,
				ABB461A129CC1ECF0055FC61 /* News.xcdatamodeld */,
				ABB4619729CC1E570055FC61 /* Assets.xcassets */,
				ABB4619929CC1E570055FC61 /* Preview Content */,
			);
			path = NewsWithCoreData;
			sourceTree = "<group>";
		};
		ABB4619929CC1E570055FC61 /* Preview Content */ = {
			isa = PBXGroup;
			children = (
				ABB4619A29CC1E570055FC61 /* Preview Assets.xcassets */,
			);
			path = "Preview Content";
			sourceTree = "<group>";
		};
		ABB461AA29CC387A0055FC61 /* Models */ = {
			isa = PBXGroup;
			children = (
				ABB461A429CC22F40055FC61 /* NewsModel.swift */,
				ABB461B129CC603F0055FC61 /* NetworkArticle.swift */,
				ABB461A729CC37C80055FC61 /* StoredArticle.swift */,
			);
			path = Models;
			sourceTree = "<group>";
		};
/* End PBXGroup section */

/* Begin PBXNativeTarget section */
		ABB4618F29CC1E520055FC61 /* NewsWithCoreData */ = {
			isa = PBXNativeTarget;
			buildConfigurationList = ABB4619E29CC1E570055FC61 /* Build configuration list for PBXNativeTarget "NewsWithCoreData" */;
			buildPhases = (
				ABB4618C29CC1E520055FC61 /* Sources */,
				ABB4618D29CC1E520055FC61 /* Frameworks */,
				ABB4618E29CC1E520055FC61 /* Resources */,
			);
			buildRules = (
			);
			dependencies = (
			);
			name = NewsWithCoreData;
			productName = NewsWithCoreData;
			productReference = ABB4619029CC1E520055FC61 /* NewsWithCoreData.app */;
			productType = "com.apple.product-type.application";
		};
/* End PBXNativeTarget section */

/* Begin PBXProject section */
		ABB4618829CC1E520055FC61 /* Project object */ = {
			isa = PBXProject;
			attributes = {
				BuildIndependentTargetsInParallel = 1;
				LastSwiftUpdateCheck = 1420;
				LastUpgradeCheck = 1420;
				TargetAttributes = {
					ABB4618F29CC1E520055FC61 = {
						CreatedOnToolsVersion = 14.2;
					};
				};
			};
			buildConfigurationList = ABB4618B29CC1E520055FC61 /* Build configuration list for PBXProject "NewsWithCoreData" */;
			compatibilityVersion = "Xcode 14.0";
			developmentRegion = en;
			hasScannedForEncodings = 0;
			knownRegions = (
				en,
				Base,
			);
			mainGroup = ABB4618729CC1E520055FC61;
			productRefGroup = ABB4619129CC1E520055FC61 /* Products */;
			projectDirPath = "";
			projectRoot = "";
			targets = (
				ABB4618F29CC1E520055FC61 /* NewsWithCoreData */,
			);
		};
/* End PBXProject section */

/* Begin PBXResourcesBuildPhase section */
		ABB4618E29CC1E520055FC61 /* Resources */ = {
			isa = PBXResourcesBuildPhase;
			buildActionMask = 2147483647;
			files = (
				ABB4619B29CC1E570055FC61 /* Preview Assets.xcassets in Resources */,
				ABB4619829CC1E570055FC61 /* Assets.xcassets in Resources */,
			);
			runOnlyForDeploymentPostprocessing = 0;
		};
/* End PBXResourcesBuildPhase section */

/* Begin PBXSourcesBuildPhase section */
		ABB4618C29CC1E520055FC61 /* Sources */ = {
			isa = PBXSourcesBuildPhase;
			buildActionMask = 2147483647;
			files = (
				ABB461B229CC603F0055FC61 /* NetworkArticle.swift in Sources */,
				ABB461A529CC22F40055FC61 /* NewsModel.swift in Sources */,
				ABB461AE29CC43440055FC61 /* NewsContainer.swift in Sources */,
				ABB461B029CC5E280055FC61 /* NetworkFetcher.swift in Sources */,
				ABB4619629CC1E520055FC61 /* ContentView.swift in Sources */,
				ABB461A329CC1ECF0055FC61 /* News.xcdatamodeld in Sources */,
				ABB4619429CC1E520055FC61 /* NewsWithCoreDataApp.swift in Sources */,
				ABB461A829CC37C80055FC61 /* StoredArticle.swift in Sources */,
				ABB461AC29CC38D60055FC61 /* NewsSource.swift in Sources */,
			);
			runOnlyForDeploymentPostprocessing = 0;
		};
/* End PBXSourcesBuildPhase section */

/* Begin XCBuildConfiguration section */
		ABB4619C29CC1E570055FC61 /* Debug */ = {
			isa = XCBuildConfiguration;
			buildSettings = {
				ALWAYS_SEARCH_USER_PATHS = NO;
				CLANG_ANALYZER_NONNULL = YES;
				CLANG_ANALYZER_NUMBER_OBJECT_CONVERSION = YES_AGGRESSIVE;
				CLANG_CXX_LANGUAGE_STANDARD = "gnu++20";
				CLANG_ENABLE_MODULES = YES;
				CLANG_ENABLE_OBJC_ARC = YES;
				CLANG_ENABLE_OBJC_WEAK = YES;
				CLANG_WARN_BLOCK_CAPTURE_AUTORELEASING = YES;
				CLANG_WARN_BOOL_CONVERSION = YES;
				CLANG_WARN_COMMA = YES;
				CLANG_WARN_CONSTANT_CONVERSION = YES;
				CLANG_WARN_DEPRECATED_OBJC_IMPLEMENTATIONS = YES;
				CLANG_WARN_DIRECT_OBJC_ISA_USAGE = YES_ERROR;
				CLANG_WARN_DOCUMENTATION_COMMENTS = YES;
				CLANG_WARN_EMPTY_BODY = YES;
				CLANG_WARN_ENUM_CONVERSION = YES;
				CLANG_WARN_INFINITE_RECURSION = YES;
				CLANG_WARN_INT_CONVERSION = YES;
				CLANG_WARN_NON_LITERAL_NULL_CONVERSION = YES;
				CLANG_WARN_OBJC_IMPLICIT_RETAIN_SELF = YES;
				CLANG_WARN_OBJC_LITERAL_CONVERSION = YES;
				CLANG_WARN_OBJC_ROOT_CLASS = YES_ERROR;
				CLANG_WARN_QUOTED_INCLUDE_IN_FRAMEWORK_HEADER = YES;
				CLANG_WARN_RANGE_LOOP_ANALYSIS = YES;
				CLANG_WARN_STRICT_PROTOTYPES = YES;
				CLANG_WARN_SUSPICIOUS_MOVE = YES;
				CLANG_WARN_UNGUARDED_AVAILABILITY = YES_AGGRESSIVE;
				CLANG_WARN_UNREACHABLE_CODE = YES;
				CLANG_WARN__DUPLICATE_METHOD_MATCH = YES;
				COPY_PHASE_STRIP = NO;
				DEBUG_INFORMATION_FORMAT = dwarf;
				ENABLE_STRICT_OBJC_MSGSEND = YES;
				ENABLE_TESTABILITY = YES;
				GCC_C_LANGUAGE_STANDARD = gnu11;
				GCC_DYNAMIC_NO_PIC = NO;
				GCC_NO_COMMON_BLOCKS = YES;
				GCC_OPTIMIZATION_LEVEL = 0;
				GCC_PREPROCESSOR_DEFINITIONS = (
					"DEBUG=1",
					"$(inherited)",
				);
				GCC_WARN_64_TO_32_BIT_CONVERSION = YES;
				GCC_WARN_ABOUT_RETURN_TYPE = YES_ERROR;
				GCC_WARN_UNDECLARED_SELECTOR = YES;
				GCC_WARN_UNINITIALIZED_AUTOS = YES_AGGRESSIVE;
				GCC_WARN_UNUSED_FUNCTION = YES;
				GCC_WARN_UNUSED_VARIABLE = YES;
				IPHONEOS_DEPLOYMENT_TARGET = 16.2;
				MTL_ENABLE_DEBUG_INFO = INCLUDE_SOURCE;
				MTL_FAST_MATH = YES;
				ONLY_ACTIVE_ARCH = YES;
				SDKROOT = iphoneos;
				SWIFT_ACTIVE_COMPILATION_CONDITIONS = DEBUG;
				SWIFT_OPTIMIZATION_LEVEL = "-Onone";
			};
			name = Debug;
		};
		ABB4619D29CC1E570055FC61 /* Release */ = {
			isa = XCBuildConfiguration;
			buildSettings = {
				ALWAYS_SEARCH_USER_PATHS = NO;
				CLANG_ANALYZER_NONNULL = YES;
				CLANG_ANALYZER_NUMBER_OBJECT_CONVERSION = YES_AGGRESSIVE;
				CLANG_CXX_LANGUAGE_STANDARD = "gnu++20";
				CLANG_ENABLE_MODULES = YES;
				CLANG_ENABLE_OBJC_ARC = YES;
				CLANG_ENABLE_OBJC_WEAK = YES;
				CLANG_WARN_BLOCK_CAPTURE_AUTORELEASING = YES;
				CLANG_WARN_BOOL_CONVERSION = YES;
				CLANG_WARN_COMMA = YES;
				CLANG_WARN_CONSTANT_CONVERSION = YES;
				CLANG_WARN_DEPRECATED_OBJC_IMPLEMENTATIONS = YES;
				CLANG_WARN_DIRECT_OBJC_ISA_USAGE = YES_ERROR;
				CLANG_WARN_DOCUMENTATION_COMMENTS = YES;
				CLANG_WARN_EMPTY_BODY = YES;
				CLANG_WARN_ENUM_CONVERSION = YES;
				CLANG_WARN_INFINITE_RECURSION = YES;
				CLANG_WARN_INT_CONVERSION = YES;
				CLANG_WARN_NON_LITERAL_NULL_CONVERSION = YES;
				CLANG_WARN_OBJC_IMPLICIT_RETAIN_SELF = YES;
				CLANG_WARN_OBJC_LITERAL_CONVERSION = YES;
				CLANG_WARN_OBJC_ROOT_CLASS = YES_ERROR;
				CLANG_WARN_QUOTED_INCLUDE_IN_FRAMEWORK_HEADER = YES;
				CLANG_WARN_RANGE_LOOP_ANALYSIS = YES;
				CLANG_WARN_STRICT_PROTOTYPES = YES;
				CLANG_WARN_SUSPICIOUS_MOVE = YES;
				CLANG_WARN_UNGUARDED_AVAILABILITY = YES_AGGRESSIVE;
				CLANG_WARN_UNREACHABLE_CODE = YES;
				CLANG_WARN__DUPLICATE_METHOD_MATCH = YES;
				COPY_PHASE_STRIP = NO;
				DEBUG_INFORMATION_FORMAT = "dwarf-with-dsym";
				ENABLE_NS_ASSERTIONS = NO;
				ENABLE_STRICT_OBJC_MSGSEND = YES;
				GCC_C_LANGUAGE_STANDARD = gnu11;
				GCC_NO_COMMON_BLOCKS = YES;
				GCC_WARN_64_TO_32_BIT_CONVERSION = YES;
				GCC_WARN_ABOUT_RETURN_TYPE = YES_ERROR;
				GCC_WARN_UNDECLARED_SELECTOR = YES;
				GCC_WARN_UNINITIALIZED_AUTOS = YES_AGGRESSIVE;
				GCC_WARN_UNUSED_FUNCTION = YES;
				GCC_WARN_UNUSED_VARIABLE = YES;
				IPHONEOS_DEPLOYMENT_TARGET = 16.2;
				MTL_ENABLE_DEBUG_INFO = NO;
				MTL_FAST_MATH = YES;
				SDKROOT = iphoneos;
				SWIFT_COMPILATION_MODE = wholemodule;
				SWIFT_OPTIMIZATION_LEVEL = "-O";
				VALIDATE_PRODUCT = YES;
			};
			name = Release;
		};
		ABB4619F29CC1E570055FC61 /* Debug */ = {
			isa = XCBuildConfiguration;
			buildSettings = {
				ASSETCATALOG_COMPILER_APPICON_NAME = AppIcon;
				ASSETCATALOG_COMPILER_GLOBAL_ACCENT_COLOR_NAME = AccentColor;
				CODE_SIGN_STYLE = Automatic;
				CURRENT_PROJECT_VERSION = 1;
				DEVELOPMENT_ASSET_PATHS = "\"NewsWithCoreData/Preview Content\"";
				DEVELOPMENT_TEAM = 43YQFDZNH8;
				ENABLE_PREVIEWS = YES;
				GENERATE_INFOPLIST_FILE = YES;
				INFOPLIST_KEY_UIApplicationSceneManifest_Generation = YES;
				INFOPLIST_KEY_UIApplicationSupportsIndirectInputEvents = YES;
				INFOPLIST_KEY_UILaunchScreen_Generation = YES;
				INFOPLIST_KEY_UISupportedInterfaceOrientations_iPad = "UIInterfaceOrientationPortrait UIInterfaceOrientationPortraitUpsideDown UIInterfaceOrientationLandscapeLeft UIInterfaceOrientationLandscapeRight";
				INFOPLIST_KEY_UISupportedInterfaceOrientations_iPhone = "UIInterfaceOrientationPortrait UIInterfaceOrientationLandscapeLeft UIInterfaceOrientationLandscapeRight";
				IPHONEOS_DEPLOYMENT_TARGET = 15.0;
				LD_RUNPATH_SEARCH_PATHS = (
					"$(inherited)",
					"@executable_path/Frameworks",
				);
				MARKETING_VERSION = 1.0;
				PRODUCT_BUNDLE_IDENTIFIER = ru.artembolotov.NewsWithCoreData;
				PRODUCT_NAME = "$(TARGET_NAME)";
				SWIFT_EMIT_LOC_STRINGS = YES;
				SWIFT_VERSION = 5.0;
				TARGETED_DEVICE_FAMILY = "1,2";
			};
			name = Debug;
		};
		ABB461A029CC1E570055FC61 /* Release */ = {
			isa = XCBuildConfiguration;
			buildSettings = {
				ASSETCATALOG_COMPILER_APPICON_NAME = AppIcon;
				ASSETCATALOG_COMPILER_GLOBAL_ACCENT_COLOR_NAME = AccentColor;
				CODE_SIGN_STYLE = Automatic;
				CURRENT_PROJECT_VERSION = 1;
				DEVELOPMENT_ASSET_PATHS = "\"NewsWithCoreData/Preview Content\"";
				DEVELOPMENT_TEAM = 43YQFDZNH8;
				ENABLE_PREVIEWS = YES;
				GENERATE_INFOPLIST_FILE = YES;
				INFOPLIST_KEY_UIApplicationSceneManifest_Generation = YES;
				INFOPLIST_KEY_UIApplicationSupportsIndirectInputEvents = YES;
				INFOPLIST_KEY_UILaunchScreen_Generation = YES;
				INFOPLIST_KEY_UISupportedInterfaceOrientations_iPad = "UIInterfaceOrientationPortrait UIInterfaceOrientationPortraitUpsideDown UIInterfaceOrientationLandscapeLeft UIInterfaceOrientationLandscapeRight";
				INFOPLIST_KEY_UISupportedInterfaceOrientations_iPhone = "UIInterfaceOrientationPortrait UIInterfaceOrientationLandscapeLeft UIInterfaceOrientationLandscapeRight";
				IPHONEOS_DEPLOYMENT_TARGET = 15.0;
				LD_RUNPATH_SEARCH_PATHS = (
					"$(inherited)",
					"@executable_path/Frameworks",
				);
				MARKETING_VERSION = 1.0;
				PRODUCT_BUNDLE_IDENTIFIER = ru.artembolotov.NewsWithCoreData;
				PRODUCT_NAME = "$(TARGET_NAME)";
				SWIFT_EMIT_LOC_STRINGS = YES;
				SWIFT_VERSION = 5.0;
				TARGETED_DEVICE_FAMILY = "1,2";
			};
			name = Release;
		};
/* End XCBuildConfiguration section */

/* Begin XCConfigurationList section */
		ABB4618B29CC1E520055FC61 /* Build configuration list for PBXProject "NewsWithCoreData" */ = {
			isa = XCConfigurationList;
			buildConfigurations = (
				ABB4619C29CC1E570055FC61 /* Debug */,
				ABB4619D29CC1E570055FC61 /* Release */,
			);
			defaultConfigurationIsVisible = 0;
			defaultConfigurationName = Release;
		};
		ABB4619E29CC1E570055FC61 /* Build configuration list for PBXNativeTarget "NewsWithCoreData" */ = {
			isa = XCConfigurationList;
			buildConfigurations = (
				ABB4619F29CC1E570055FC61 /* Debug */,
				ABB461A029CC1E570055FC61 /* Release */,
			);
			defaultConfigurationIsVisible = 0;
			defaultConfigurationName = Release;
		};
/* End XCConfigurationList section */

/* Begin XCVersionGroup section */
		ABB461A129CC1ECF0055FC61 /* News.xcdatamodeld */ = {
			isa = XCVersionGroup;
			children = (
				ABB461A229CC1ECF0055FC61 /* News.xcdatamodel */,
			);
			currentVersion = ABB461A229CC1ECF0055FC61 /* News.xcdatamodel */;
			path = News.xcdatamodeld;
			sourceTree = "<group>";
			versionGroupType = wrapper.xcdatamodel;
		};
/* End XCVersionGroup section */
	};
	rootObject = ABB4618829CC1E520055FC61 /* Project object */;
}
